
Microsoft Visual Studio Solution File, Format Version 12.00
# Visual Studio Version 16
VisualStudioVersion = 16.0.31424.327
MinimumVisualStudioVersion = 10.0.40219.1
Project("{FAE04EC0-301F-11D3-BF4B-00C04F79EFBC}") = "PAMS_2.0", "PAMS_2.0\PAMS_2.0.csproj", "{17926BFC-D243-4989-9640-B1117D92089C}"
EndProject
Global
	GlobalSection(SolutionConfigurationPlatforms) = preSolution
		Debug|Any CPU = Debug|Any CPU
		Release|Any CPU = Release|Any CPU
	EndGlobalSection
	GlobalSection(ProjectConfigurationPlatforms) = postSolution
		{17926BFC-D243-4989-9640-B1117D92089C}.Debug|Any CPU.ActiveCfg = Debug|Any CPU
		{17926BFC-D243-4989-9640-B1117D92089C}.Debug|Any CPU.Build.0 = Debug|Any CPU
		{17926BFC-D243-4989-9640-B1117D92089C}.Release|Any CPU.ActiveCfg = Release|Any CPU
		{17926BFC-D243-4989-9640-B1117D92089C}.Release|Any CPU.Build.0 = Release|Any CPU
	EndGlobalSection
	GlobalSection(SolutionProperties) = preSolution
		HideSolutionNode = FALSE
	EndGlobalSection
	GlobalSection(ExtensibilityGlobals) = postSolution
		SolutionGuid = {602E6250-7E49-44A7-9D7A-AB6C2A31DB4A}
	EndGlobalSection
EndGlobal
